PODS:
  - ADMobGenAdapter (0.4.7):
    - ADMobGenFoundation
  - ADMobGenFoundation (0.3.1)
  - ADMobGenNetwork (0.3.0)
  - ADMobGenSDK (0.5.0):
    - ADMobGenAdapter
    - ADMobGenNetwork

DEPENDENCIES:
  - ADMobGenSDK (from `../`)

SPEC REPOS:
  https://github.com/cocoapods/specs.git:
    - ADMobGenAdapter
    - ADMobGenFoundation
    - ADMobGenNetwork

EXTERNAL SOURCES:
  ADMobGenSDK:
    :path: "../"

SPEC CHECKSUMS:
  ADMobGenAdapter: 225e21f2bc2279412dd7d03dba407ecf56692a4e
  ADMobGenFoundation: 0ded0c9d090c19b756323093006b59a3031f0641
  ADMobGenNetwork: d24cef79ffc805751ec9e7de074895ec0534c937
  ADMobGenSDK: 327a3150f26020246773dce37ba35d3c5504f4a6

PODFILE CHECKSUM: 10c7cd498f5eab84a3481897b1e7de72b13bd5f4

COCOAPODS: 1.5.3
