PODS:
  - ADMobGenAdapter (1.0.5):
    - ADMobGenFoundation
  - ADMobGenFoundation (0.3.5)
  - ADMobGenGDT (0.6.1):
    - ADMobGenAdapter
  - ADMobGenMCAd (0.3.5):
    - ADMobGenAdapter
    - ADMobGenMCAdSDK
  - ADMobGenMCAdSDK (0.2.9)
  - ADMobGenNetwork (0.3.0)
  - ADMobGenSDK (1.2.6):
    - ADMobGenAdapter
    - ADMobGenNetwork
  - ADMobGenSDKWM (0.6.9):
    - ADMobGenAdapter
    - ADMobGenWMSDK
  - ADMobGenWMSDK (0.2.1)

DEPENDENCIES:
  - ADMobGenGDT
  - ADMobGenMCAd
  - ADMobGenSDK (from `../`)
  - ADMobGenSDKWM

SPEC REPOS:
  https://github.com/cocoapods/specs.git:
    - ADMobGenAdapter
    - ADMobGenFoundation
    - ADMobGenGDT
    - ADMobGenMCAd
    - ADMobGenMCAdSDK
    - ADMobGenNetwork
    - ADMobGenSDKWM
    - ADMobGenWMSDK

EXTERNAL SOURCES:
  ADMobGenSDK:
    :path: "../"

SPEC CHECKSUMS:
  ADMobGenAdapter: 792da6c359661188751141a0c19e0d8065ef4254
  ADMobGenFoundation: bc5f523ce43e73273366467b611007de4cc1a1df
  ADMobGenGDT: feecaa830b771643c53c60f201cca5e67e34a3a1
  ADMobGenMCAd: 3fc00ebbdb2b2380a710fcbb0f6c5af5650a8e01
  ADMobGenMCAdSDK: ed2920942f8b625751c189dfc52a98940ab78537
  ADMobGenNetwork: d24cef79ffc805751ec9e7de074895ec0534c937
  ADMobGenSDK: e95543ddce5ae73b1ca15963dfeb17b6a113380a
  ADMobGenSDKWM: 07b5e72722f03a736be83be78bc875f42bba5439
  ADMobGenWMSDK: 8de6870014016aa9aef72e2169a41c77696fde1a

PODFILE CHECKSUM: 23c1606b5c8f083c27fb158abb313cd0d1b23733

COCOAPODS: 1.5.3
